
Microsoft Visual Studio Solution File, Format Version 12.00
# Visual Studio 15
VisualStudioVersion = 15.0.28010.0
MinimumVisualStudioVersion = 10.0.40219.1
Project("{FAE04EC0-301F-11D3-BF4B-00C04F79EFBC}") = "ShoppingList", "ShoppingList\ShoppingList.csproj", "{B5981ABE-3E66-4F50-968A-54287EF87030}"
EndProject
Global
	GlobalSection(SolutionConfigurationPlatforms) = preSolution
		Debug|Any CPU = Debug|Any CPU
		Release|Any CPU = Release|Any CPU
	EndGlobalSection
	GlobalSection(ProjectConfigurationPlatforms) = postSolution
		{B5981ABE-3E66-4F50-968A-54287EF87030}.Debug|Any CPU.ActiveCfg = Debug|Any CPU
		{B5981ABE-3E66-4F50-968A-54287EF87030}.Debug|Any CPU.Build.0 = Debug|Any CPU
		{B5981ABE-3E66-4F50-968A-54287EF87030}.Release|Any CPU.ActiveCfg = Release|Any CPU
		{B5981ABE-3E66-4F50-968A-54287EF87030}.Release|Any CPU.Build.0 = Release|Any CPU
	EndGlobalSection
	GlobalSection(SolutionProperties) = preSolution
		HideSolutionNode = FALSE
	EndGlobalSection
	GlobalSection(ExtensibilityGlobals) = postSolution
		SolutionGuid = {E5AD78F7-9363-49F4-BAA3-A6507DBE2ADF}
	EndGlobalSection
EndGlobal
